
Microsoft Visual Studio Solution File, Format Version 12.00
# Visual Studio 15
VisualStudioVersion = 15.0.26228.10
MinimumVisualStudioVersion = 10.0.40219.1
Project("{9A19103F-16F7-4668-BE54-9A1E7A4F7556}") = "Discard.Client", "Discard.Client\Discard.Client.csproj", "{9AE188E0-F328-4A88-AF5F-CE0C1D4D0036}"
EndProject
Project("{9A19103F-16F7-4668-BE54-9A1E7A4F7556}") = "Examples.Common", "Examples.Common\Examples.Common.csproj", "{66491D47-2BFB-45CF-A582-C11860219512}"
EndProject
Project("{9A19103F-16F7-4668-BE54-9A1E7A4F7556}") = "Discard.Server", "Discard.Server\Discard.Server.csproj", "{664ECD06-26EB-4F8F-8D88-5444A5E766E0}"
EndProject
Global
	GlobalSection(SolutionConfigurationPlatforms) = preSolution
		Debug|Any CPU = Debug|Any CPU
		Release|Any CPU = Release|Any CPU
	EndGlobalSection
	GlobalSection(ProjectConfigurationPlatforms) = postSolution
		{9AE188E0-F328-4A88-AF5F-CE0C1D4D0036}.Debug|Any CPU.ActiveCfg = Debug|Any CPU
		{9AE188E0-F328-4A88-AF5F-CE0C1D4D0036}.Debug|Any CPU.Build.0 = Debug|Any CPU
		{9AE188E0-F328-4A88-AF5F-CE0C1D4D0036}.Release|Any CPU.ActiveCfg = Release|Any CPU
		{9AE188E0-F328-4A88-AF5F-CE0C1D4D0036}.Release|Any CPU.Build.0 = Release|Any CPU
		{66491D47-2BFB-45CF-A582-C11860219512}.Debug|Any CPU.ActiveCfg = Debug|Any CPU
		{66491D47-2BFB-45CF-A582-C11860219512}.Debug|Any CPU.Build.0 = Debug|Any CPU
		{66491D47-2BFB-45CF-A582-C11860219512}.Release|Any CPU.ActiveCfg = Release|Any CPU
		{66491D47-2BFB-45CF-A582-C11860219512}.Release|Any CPU.Build.0 = Release|Any CPU
		{664ECD06-26EB-4F8F-8D88-5444A5E766E0}.Debug|Any CPU.ActiveCfg = Debug|Any CPU
		{664ECD06-26EB-4F8F-8D88-5444A5E766E0}.Debug|Any CPU.Build.0 = Debug|Any CPU
		{664ECD06-26EB-4F8F-8D88-5444A5E766E0}.Release|Any CPU.ActiveCfg = Release|Any CPU
		{664ECD06-26EB-4F8F-8D88-5444A5E766E0}.Release|Any CPU.Build.0 = Release|Any CPU
	EndGlobalSection
	GlobalSection(SolutionProperties) = preSolution
		HideSolutionNode = FALSE
	EndGlobalSection
EndGlobal
